
Microsoft Visual Studio Solution File, Format Version 12.00
# Visual Studio Version 17
VisualStudioVersion = 17.2.32616.157
MinimumVisualStudioVersion = 10.0.40219.1
Project("{FAE04EC0-301F-11D3-BF4B-00C04F79EFBC}") = "FINN", "FINN\FINN.csproj", "{A22D2B5C-8D47-49F5-BDA5-63ECF19E00AB}"
EndProject
Project("{FAE04EC0-301F-11D3-BF4B-00C04F79EFBC}") = "FINN.CAD", "FINN.CAD\FINN.CAD.csproj", "{A9DA04C9-D39B-46E9-8C74-7F6E513AF4E2}"
EndProject
Project("{FAE04EC0-301F-11D3-BF4B-00C04F79EFBC}") = "FINN.CONSOLE", "FINN.CONSOLE\FINN.CONSOLE.csproj", "{8D88668A-1901-4606-BB5A-E31AB8860DD8}"
EndProject
Project("{FAE04EC0-301F-11D3-BF4B-00C04F79EFBC}") = "FINN.COMMON", "FINN.COMMON\FINN.COMMON.csproj", "{21E01449-635A-4A5D-AB42-718FCD71A9AE}"
EndProject
Global
	GlobalSection(SolutionConfigurationPlatforms) = preSolution
		Debug|Any CPU = Debug|Any CPU
		Release|Any CPU = Release|Any CPU
	EndGlobalSection
	GlobalSection(ProjectConfigurationPlatforms) = postSolution
		{A22D2B5C-8D47-49F5-BDA5-63ECF19E00AB}.Debug|Any CPU.ActiveCfg = Debug|Any CPU
		{A22D2B5C-8D47-49F5-BDA5-63ECF19E00AB}.Debug|Any CPU.Build.0 = Debug|Any CPU
		{A22D2B5C-8D47-49F5-BDA5-63ECF19E00AB}.Release|Any CPU.ActiveCfg = Release|Any CPU
		{A22D2B5C-8D47-49F5-BDA5-63ECF19E00AB}.Release|Any CPU.Build.0 = Release|Any CPU
		{A9DA04C9-D39B-46E9-8C74-7F6E513AF4E2}.Debug|Any CPU.ActiveCfg = Debug|Any CPU
		{A9DA04C9-D39B-46E9-8C74-7F6E513AF4E2}.Debug|Any CPU.Build.0 = Debug|Any CPU
		{A9DA04C9-D39B-46E9-8C74-7F6E513AF4E2}.Release|Any CPU.ActiveCfg = Release|Any CPU
		{A9DA04C9-D39B-46E9-8C74-7F6E513AF4E2}.Release|Any CPU.Build.0 = Release|Any CPU
		{8D88668A-1901-4606-BB5A-E31AB8860DD8}.Debug|Any CPU.ActiveCfg = Debug|Any CPU
		{8D88668A-1901-4606-BB5A-E31AB8860DD8}.Debug|Any CPU.Build.0 = Debug|Any CPU
		{8D88668A-1901-4606-BB5A-E31AB8860DD8}.Release|Any CPU.ActiveCfg = Release|Any CPU
		{8D88668A-1901-4606-BB5A-E31AB8860DD8}.Release|Any CPU.Build.0 = Release|Any CPU
		{21E01449-635A-4A5D-AB42-718FCD71A9AE}.Debug|Any CPU.ActiveCfg = Debug|Any CPU
		{21E01449-635A-4A5D-AB42-718FCD71A9AE}.Debug|Any CPU.Build.0 = Debug|Any CPU
		{21E01449-635A-4A5D-AB42-718FCD71A9AE}.Release|Any CPU.ActiveCfg = Release|Any CPU
		{21E01449-635A-4A5D-AB42-718FCD71A9AE}.Release|Any CPU.Build.0 = Release|Any CPU
	EndGlobalSection
	GlobalSection(SolutionProperties) = preSolution
		HideSolutionNode = FALSE
	EndGlobalSection
	GlobalSection(ExtensibilityGlobals) = postSolution
		SolutionGuid = {F9D10E27-79D8-497F-A706-C2D1AF0EB063}
	EndGlobalSection
EndGlobal
