
Microsoft Visual Studio Solution File, Format Version 12.00
Project("{FAE04EC0-301F-11D3-BF4B-00C04F79EFBC}") = "FINN.DRAFTER", "FINN.DRAFTER\FINN.DRAFTER.csproj", "{65A6384D-7C2D-4372-83D5-6C17B3B8D811}"
EndProject
Project("{FAE04EC0-301F-11D3-BF4B-00C04F79EFBC}") = "FINN.CORE", "FINN.CORE\FINN.CORE.csproj", "{8F777F21-79DF-41DA-A3A1-E283811EECAB}"
EndProject
Project("{FAE04EC0-301F-11D3-BF4B-00C04F79EFBC}") = "FINN.SHAREDKERNEL", "FINN.SHAREDKERNEL\FINN.SHAREDKERNEL.csproj", "{DB2BAC17-6941-4D3B-AAC4-9F43EEED242E}"
EndProject
Project("{FAE04EC0-301F-11D3-BF4B-00C04F79EFBC}") = "FINN.READER", "FINN.READER\FINN.READER.csproj", "{7EC662A3-5740-4D25-8088-85FA548849AC}"
EndProject
Project("{FAE04EC0-301F-11D3-BF4B-00C04F79EFBC}") = "FINN.API", "FINN.API\FINN.API.csproj", "{4A44439A-9F6E-43D0-98B1-DAFE7ED49BA3}"
EndProject
Project("{FAE04EC0-301F-11D3-BF4B-00C04F79EFBC}") = "FINN.UNITTEST", "FINN.UNITTEST\FINN.UNITTEST.csproj", "{3F295927-F53D-4161-BC46-F6BD116077F2}"
EndProject
Project("{FAE04EC0-301F-11D3-BF4B-00C04F79EFBC}") = "FINN.COST", "FINN.COST\FINN.COST.csproj", "{B3603BC3-29AD-4068-A0C0-6133F17DD35E}"
EndProject
Project("{FAE04EC0-301F-11D3-BF4B-00C04F79EFBC}") = "FINN.PLUGINS.DXF", "FINN.PLUGINS.DXF\FINN.PLUGINS.DXF.csproj", "{38C1B4F6-B506-4411-AB82-78158E92BF3B}"
EndProject
Project("{FAE04EC0-301F-11D3-BF4B-00C04F79EFBC}") = "FINN.PLUGINS.EFCORE", "FINN.PLUGINS.EFCORE\FINN.PLUGINS.EFCORE.csproj", "{72287826-3236-4D79-891F-775582D5E0D7}"
EndProject
Global
	GlobalSection(SolutionConfigurationPlatforms) = preSolution
		Debug|Any CPU = Debug|Any CPU
		Release|Any CPU = Release|Any CPU
	EndGlobalSection
	GlobalSection(ProjectConfigurationPlatforms) = postSolution
		{65A6384D-7C2D-4372-83D5-6C17B3B8D811}.Debug|Any CPU.ActiveCfg = Debug|Any CPU
		{65A6384D-7C2D-4372-83D5-6C17B3B8D811}.Debug|Any CPU.Build.0 = Debug|Any CPU
		{65A6384D-7C2D-4372-83D5-6C17B3B8D811}.Release|Any CPU.ActiveCfg = Release|Any CPU
		{65A6384D-7C2D-4372-83D5-6C17B3B8D811}.Release|Any CPU.Build.0 = Release|Any CPU
		{8F777F21-79DF-41DA-A3A1-E283811EECAB}.Debug|Any CPU.ActiveCfg = Debug|Any CPU
		{8F777F21-79DF-41DA-A3A1-E283811EECAB}.Debug|Any CPU.Build.0 = Debug|Any CPU
		{8F777F21-79DF-41DA-A3A1-E283811EECAB}.Release|Any CPU.ActiveCfg = Release|Any CPU
		{8F777F21-79DF-41DA-A3A1-E283811EECAB}.Release|Any CPU.Build.0 = Release|Any CPU
		{DB2BAC17-6941-4D3B-AAC4-9F43EEED242E}.Debug|Any CPU.ActiveCfg = Debug|Any CPU
		{DB2BAC17-6941-4D3B-AAC4-9F43EEED242E}.Debug|Any CPU.Build.0 = Debug|Any CPU
		{DB2BAC17-6941-4D3B-AAC4-9F43EEED242E}.Release|Any CPU.ActiveCfg = Release|Any CPU
		{DB2BAC17-6941-4D3B-AAC4-9F43EEED242E}.Release|Any CPU.Build.0 = Release|Any CPU
		{7EC662A3-5740-4D25-8088-85FA548849AC}.Debug|Any CPU.ActiveCfg = Debug|Any CPU
		{7EC662A3-5740-4D25-8088-85FA548849AC}.Debug|Any CPU.Build.0 = Debug|Any CPU
		{7EC662A3-5740-4D25-8088-85FA548849AC}.Release|Any CPU.ActiveCfg = Release|Any CPU
		{7EC662A3-5740-4D25-8088-85FA548849AC}.Release|Any CPU.Build.0 = Release|Any CPU
		{4A44439A-9F6E-43D0-98B1-DAFE7ED49BA3}.Debug|Any CPU.ActiveCfg = Debug|Any CPU
		{4A44439A-9F6E-43D0-98B1-DAFE7ED49BA3}.Debug|Any CPU.Build.0 = Debug|Any CPU
		{4A44439A-9F6E-43D0-98B1-DAFE7ED49BA3}.Release|Any CPU.ActiveCfg = Release|Any CPU
		{4A44439A-9F6E-43D0-98B1-DAFE7ED49BA3}.Release|Any CPU.Build.0 = Release|Any CPU
		{3F295927-F53D-4161-BC46-F6BD116077F2}.Debug|Any CPU.ActiveCfg = Debug|Any CPU
		{3F295927-F53D-4161-BC46-F6BD116077F2}.Debug|Any CPU.Build.0 = Debug|Any CPU
		{3F295927-F53D-4161-BC46-F6BD116077F2}.Release|Any CPU.ActiveCfg = Release|Any CPU
		{3F295927-F53D-4161-BC46-F6BD116077F2}.Release|Any CPU.Build.0 = Release|Any CPU
		{B3603BC3-29AD-4068-A0C0-6133F17DD35E}.Debug|Any CPU.ActiveCfg = Debug|Any CPU
		{B3603BC3-29AD-4068-A0C0-6133F17DD35E}.Debug|Any CPU.Build.0 = Debug|Any CPU
		{B3603BC3-29AD-4068-A0C0-6133F17DD35E}.Release|Any CPU.ActiveCfg = Release|Any CPU
		{B3603BC3-29AD-4068-A0C0-6133F17DD35E}.Release|Any CPU.Build.0 = Release|Any CPU
		{38C1B4F6-B506-4411-AB82-78158E92BF3B}.Debug|Any CPU.ActiveCfg = Debug|Any CPU
		{38C1B4F6-B506-4411-AB82-78158E92BF3B}.Debug|Any CPU.Build.0 = Debug|Any CPU
		{38C1B4F6-B506-4411-AB82-78158E92BF3B}.Release|Any CPU.ActiveCfg = Release|Any CPU
		{38C1B4F6-B506-4411-AB82-78158E92BF3B}.Release|Any CPU.Build.0 = Release|Any CPU
		{72287826-3236-4D79-891F-775582D5E0D7}.Debug|Any CPU.ActiveCfg = Debug|Any CPU
		{72287826-3236-4D79-891F-775582D5E0D7}.Debug|Any CPU.Build.0 = Debug|Any CPU
		{72287826-3236-4D79-891F-775582D5E0D7}.Release|Any CPU.ActiveCfg = Release|Any CPU
		{72287826-3236-4D79-891F-775582D5E0D7}.Release|Any CPU.Build.0 = Release|Any CPU
	EndGlobalSection
EndGlobal
