
Microsoft Visual Studio Solution File, Format Version 12.00
# Visual Studio Version 17
VisualStudioVersion = 17.2.32616.157
MinimumVisualStudioVersion = 10.0.40219.1
Project("{FAE04EC0-301F-11D3-BF4B-00C04F79EFBC}") = "FINN", "FINN\FINN.csproj", "{A22D2B5C-8D47-49F5-BDA5-63ECF19E00AB}"
EndProject
Global
	GlobalSection(SolutionConfigurationPlatforms) = preSolution
		Debug|Any CPU = Debug|Any CPU
		Release|Any CPU = Release|Any CPU
	EndGlobalSection
	GlobalSection(ProjectConfigurationPlatforms) = postSolution
		{A22D2B5C-8D47-49F5-BDA5-63ECF19E00AB}.Debug|Any CPU.ActiveCfg = Debug|Any CPU
		{A22D2B5C-8D47-49F5-BDA5-63ECF19E00AB}.Debug|Any CPU.Build.0 = Debug|Any CPU
		{A22D2B5C-8D47-49F5-BDA5-63ECF19E00AB}.Release|Any CPU.ActiveCfg = Release|Any CPU
		{A22D2B5C-8D47-49F5-BDA5-63ECF19E00AB}.Release|Any CPU.Build.0 = Release|Any CPU
	EndGlobalSection
	GlobalSection(SolutionProperties) = preSolution
		HideSolutionNode = FALSE
	EndGlobalSection
	GlobalSection(ExtensibilityGlobals) = postSolution
		SolutionGuid = {F9D10E27-79D8-497F-A706-C2D1AF0EB063}
	EndGlobalSection
EndGlobal
